
Microsoft Visual Studio Solution File, Format Version 12.00
# Visual Studio Version 16
VisualStudioVersion = 16.0.30011.22
MinimumVisualStudioVersion = 10.0.40219.1
Project("{FAE04EC0-301F-11D3-BF4B-00C04F79EFBC}") = "GerenciadorDeTarefas.UWP", "GerenciadorDeTarefas.UWP\GerenciadorDeTarefas.UWP.csproj", "{4B092578-CEA7-4FDC-B455-7F97C90B04EF}"
EndProject
Project("{FAE04EC0-301F-11D3-BF4B-00C04F79EFBC}") = "GerenciadorDeTarefas.Android", "GerenciadorDeTarefas.Android\GerenciadorDeTarefas.Android.csproj", "{19DF1F85-66E5-4BD0-AB85-511C28C77276}"
EndProject
Project("{FAE04EC0-301F-11D3-BF4B-00C04F79EFBC}") = "GerenciadorDeTarefas.iOS", "GerenciadorDeTarefas.iOS\GerenciadorDeTarefas.iOS.csproj", "{08EB06D2-FB05-4304-8DEF-DAFAEF0729AA}"
EndProject
Project("{9A19103F-16F7-4668-BE54-9A1E7A4F7556}") = "GerenciadorDeTarefas", "GerenciadorDeTarefas\GerenciadorDeTarefas.csproj", "{34BFC73D-E8F7-48B7-A688-8A014F01AE39}"
EndProject
Project("{9A19103F-16F7-4668-BE54-9A1E7A4F7556}") = "GerenciadorDeTarefas.Domain", "GerenciadorDeTarefas.Domain\GerenciadorDeTarefas.Domain.csproj", "{9DBD395A-A817-4A98-982E-BF4EB15108D7}"
EndProject
Project("{9A19103F-16F7-4668-BE54-9A1E7A4F7556}") = "GerenciadorDeTarefas.Context", "GerenciadorDeTarefas.Context\GerenciadorDeTarefas.Context.csproj", "{52016A39-1457-46ED-B803-4C5F9F27906D}"
EndProject
Project("{9A19103F-16F7-4668-BE54-9A1E7A4F7556}") = "GerenciadorDeTarefas.WebApi", "GerenciadorDeTarefas.WebApi\GerenciadorDeTarefas.WebApi.csproj", "{368673FA-DE5E-4EDB-A649-53C3FF521D04}"
EndProject
Project("{9A19103F-16F7-4668-BE54-9A1E7A4F7556}") = "GerenciadorDeTarefas.Common", "GerenciadorDeTarefas.Common\GerenciadorDeTarefas.Common.csproj", "{E259B9F0-EB56-4FA4-BF91-189FD624A532}"
EndProject
Project("{9A19103F-16F7-4668-BE54-9A1E7A4F7556}") = "Api.GerenciadorDeTarefas", "Api.GerenciadorDeTarefas\Api.GerenciadorDeTarefas.csproj", "{49E3D7A1-8710-4139-8EB1-2C74205B2257}"
EndProject
Project("{FAE04EC0-301F-11D3-BF4B-00C04F79EFBC}") = "GerenciadorDeTarefas.Teste", "GerenciadorDeTarefas.Teste\GerenciadorDeTarefas.Teste.csproj", "{D906D493-F16C-442A-80F4-88377DA71D79}"
EndProject
Global
	GlobalSection(SolutionConfigurationPlatforms) = preSolution
		Debug|Any CPU = Debug|Any CPU
		Debug|ARM = Debug|ARM
		Debug|iPhone = Debug|iPhone
		Debug|iPhoneSimulator = Debug|iPhoneSimulator
		Debug|x64 = Debug|x64
		Debug|x86 = Debug|x86
		Release|Any CPU = Release|Any CPU
		Release|ARM = Release|ARM
		Release|iPhone = Release|iPhone
		Release|iPhoneSimulator = Release|iPhoneSimulator
		Release|x64 = Release|x64
		Release|x86 = Release|x86
	EndGlobalSection
	GlobalSection(ProjectConfigurationPlatforms) = postSolution
		{4B092578-CEA7-4FDC-B455-7F97C90B04EF}.Debug|Any CPU.ActiveCfg = Debug|x86
		{4B092578-CEA7-4FDC-B455-7F97C90B04EF}.Debug|Any CPU.Build.0 = Debug|x86
		{4B092578-CEA7-4FDC-B455-7F97C90B04EF}.Debug|Any CPU.Deploy.0 = Debug|x86
		{4B092578-CEA7-4FDC-B455-7F97C90B04EF}.Debug|ARM.ActiveCfg = Debug|ARM
		{4B092578-CEA7-4FDC-B455-7F97C90B04EF}.Debug|ARM.Build.0 = Debug|ARM
		{4B092578-CEA7-4FDC-B455-7F97C90B04EF}.Debug|ARM.Deploy.0 = Debug|ARM
		{4B092578-CEA7-4FDC-B455-7F97C90B04EF}.Debug|iPhone.ActiveCfg = Debug|x86
		{4B092578-CEA7-4FDC-B455-7F97C90B04EF}.Debug|iPhone.Build.0 = Debug|x86
		{4B092578-CEA7-4FDC-B455-7F97C90B04EF}.Debug|iPhone.Deploy.0 = Debug|x86
		{4B092578-CEA7-4FDC-B455-7F97C90B04EF}.Debug|iPhoneSimulator.ActiveCfg = Debug|x86
		{4B092578-CEA7-4FDC-B455-7F97C90B04EF}.Debug|iPhoneSimulator.Build.0 = Debug|x86
		{4B092578-CEA7-4FDC-B455-7F97C90B04EF}.Debug|iPhoneSimulator.Deploy.0 = Debug|x86
		{4B092578-CEA7-4FDC-B455-7F97C90B04EF}.Debug|x64.ActiveCfg = Debug|x64
		{4B092578-CEA7-4FDC-B455-7F97C90B04EF}.Debug|x64.Build.0 = Debug|x64
		{4B092578-CEA7-4FDC-B455-7F97C90B04EF}.Debug|x64.Deploy.0 = Debug|x64
		{4B092578-CEA7-4FDC-B455-7F97C90B04EF}.Debug|x86.ActiveCfg = Debug|x86
		{4B092578-CEA7-4FDC-B455-7F97C90B04EF}.Debug|x86.Build.0 = Debug|x86
		{4B092578-CEA7-4FDC-B455-7F97C90B04EF}.Debug|x86.Deploy.0 = Debug|x86
		{4B092578-CEA7-4FDC-B455-7F97C90B04EF}.Release|Any CPU.ActiveCfg = Release|x86
		{4B092578-CEA7-4FDC-B455-7F97C90B04EF}.Release|Any CPU.Build.0 = Release|x86
		{4B092578-CEA7-4FDC-B455-7F97C90B04EF}.Release|Any CPU.Deploy.0 = Release|x86
		{4B092578-CEA7-4FDC-B455-7F97C90B04EF}.Release|ARM.ActiveCfg = Release|ARM
		{4B092578-CEA7-4FDC-B455-7F97C90B04EF}.Release|ARM.Build.0 = Release|ARM
		{4B092578-CEA7-4FDC-B455-7F97C90B04EF}.Release|ARM.Deploy.0 = Release|ARM
		{4B092578-CEA7-4FDC-B455-7F97C90B04EF}.Release|iPhone.ActiveCfg = Release|x86
		{4B092578-CEA7-4FDC-B455-7F97C90B04EF}.Release|iPhone.Build.0 = Release|x86
		{4B092578-CEA7-4FDC-B455-7F97C90B04EF}.Release|iPhone.Deploy.0 = Release|x86
		{4B092578-CEA7-4FDC-B455-7F97C90B04EF}.Release|iPhoneSimulator.ActiveCfg = Release|x86
		{4B092578-CEA7-4FDC-B455-7F97C90B04EF}.Release|iPhoneSimulator.Build.0 = Release|x86
		{4B092578-CEA7-4FDC-B455-7F97C90B04EF}.Release|iPhoneSimulator.Deploy.0 = Release|x86
		{4B092578-CEA7-4FDC-B455-7F97C90B04EF}.Release|x64.ActiveCfg = Release|x64
		{4B092578-CEA7-4FDC-B455-7F97C90B04EF}.Release|x64.Build.0 = Release|x64
		{4B092578-CEA7-4FDC-B455-7F97C90B04EF}.Release|x64.Deploy.0 = Release|x64
		{4B092578-CEA7-4FDC-B455-7F97C90B04EF}.Release|x86.ActiveCfg = Release|x86
		{4B092578-CEA7-4FDC-B455-7F97C90B04EF}.Release|x86.Build.0 = Release|x86
		{4B092578-CEA7-4FDC-B455-7F97C90B04EF}.Release|x86.Deploy.0 = Release|x86
		{19DF1F85-66E5-4BD0-AB85-511C28C77276}.Debug|Any CPU.ActiveCfg = Debug|Any CPU
		{19DF1F85-66E5-4BD0-AB85-511C28C77276}.Debug|Any CPU.Build.0 = Debug|Any CPU
		{19DF1F85-66E5-4BD0-AB85-511C28C77276}.Debug|Any CPU.Deploy.0 = Debug|Any CPU
		{19DF1F85-66E5-4BD0-AB85-511C28C77276}.Debug|ARM.ActiveCfg = Debug|Any CPU
		{19DF1F85-66E5-4BD0-AB85-511C28C77276}.Debug|ARM.Build.0 = Debug|Any CPU
		{19DF1F85-66E5-4BD0-AB85-511C28C77276}.Debug|ARM.Deploy.0 = Debug|Any CPU
		{19DF1F85-66E5-4BD0-AB85-511C28C77276}.Debug|iPhone.ActiveCfg = Debug|Any CPU
		{19DF1F85-66E5-4BD0-AB85-511C28C77276}.Debug|iPhone.Build.0 = Debug|Any CPU
		{19DF1F85-66E5-4BD0-AB85-511C28C77276}.Debug|iPhone.Deploy.0 = Debug|Any CPU
		{19DF1F85-66E5-4BD0-AB85-511C28C77276}.Debug|iPhoneSimulator.ActiveCfg = Debug|Any CPU
		{19DF1F85-66E5-4BD0-AB85-511C28C77276}.Debug|iPhoneSimulator.Build.0 = Debug|Any CPU
		{19DF1F85-66E5-4BD0-AB85-511C28C77276}.Debug|iPhoneSimulator.Deploy.0 = Debug|Any CPU
		{19DF1F85-66E5-4BD0-AB85-511C28C77276}.Debug|x64.ActiveCfg = Debug|Any CPU
		{19DF1F85-66E5-4BD0-AB85-511C28C77276}.Debug|x64.Build.0 = Debug|Any CPU
		{19DF1F85-66E5-4BD0-AB85-511C28C77276}.Debug|x64.Deploy.0 = Debug|Any CPU
		{19DF1F85-66E5-4BD0-AB85-511C28C77276}.Debug|x86.ActiveCfg = Debug|Any CPU
		{19DF1F85-66E5-4BD0-AB85-511C28C77276}.Debug|x86.Build.0 = Debug|Any CPU
		{19DF1F85-66E5-4BD0-AB85-511C28C77276}.Debug|x86.Deploy.0 = Debug|Any CPU
		{19DF1F85-66E5-4BD0-AB85-511C28C77276}.Release|Any CPU.ActiveCfg = Release|Any CPU
		{19DF1F85-66E5-4BD0-AB85-511C28C77276}.Release|Any CPU.Build.0 = Release|Any CPU
		{19DF1F85-66E5-4BD0-AB85-511C28C77276}.Release|Any CPU.Deploy.0 = Release|Any CPU
		{19DF1F85-66E5-4BD0-AB85-511C28C77276}.Release|ARM.ActiveCfg = Release|Any CPU
		{19DF1F85-66E5-4BD0-AB85-511C28C77276}.Release|ARM.Build.0 = Release|Any CPU
		{19DF1F85-66E5-4BD0-AB85-511C28C77276}.Release|ARM.Deploy.0 = Release|Any CPU
		{19DF1F85-66E5-4BD0-AB85-511C28C77276}.Release|iPhone.ActiveCfg = Release|Any CPU
		{19DF1F85-66E5-4BD0-AB85-511C28C77276}.Release|iPhone.Build.0 = Release|Any CPU
		{19DF1F85-66E5-4BD0-AB85-511C28C77276}.Release|iPhone.Deploy.0 = Release|Any CPU
		{19DF1F85-66E5-4BD0-AB85-511C28C77276}.Release|iPhoneSimulator.ActiveCfg = Release|Any CPU
		{19DF1F85-66E5-4BD0-AB85-511C28C77276}.Release|iPhoneSimulator.Build.0 = Release|Any CPU
		{19DF1F85-66E5-4BD0-AB85-511C28C77276}.Release|iPhoneSimulator.Deploy.0 = Release|Any CPU
		{19DF1F85-66E5-4BD0-AB85-511C28C77276}.Release|x64.ActiveCfg = Release|Any CPU
		{19DF1F85-66E5-4BD0-AB85-511C28C77276}.Release|x64.Build.0 = Release|Any CPU
		{19DF1F85-66E5-4BD0-AB85-511C28C77276}.Release|x64.Deploy.0 = Release|Any CPU
		{19DF1F85-66E5-4BD0-AB85-511C28C77276}.Release|x86.ActiveCfg = Release|Any CPU
		{19DF1F85-66E5-4BD0-AB85-511C28C77276}.Release|x86.Build.0 = Release|Any CPU
		{19DF1F85-66E5-4BD0-AB85-511C28C77276}.Release|x86.Deploy.0 = Release|Any CPU
		{08EB06D2-FB05-4304-8DEF-DAFAEF0729AA}.Debug|Any CPU.ActiveCfg = Debug|iPhone
		{08EB06D2-FB05-4304-8DEF-DAFAEF0729AA}.Debug|Any CPU.Build.0 = Debug|iPhone
		{08EB06D2-FB05-4304-8DEF-DAFAEF0729AA}.Debug|Any CPU.Deploy.0 = Debug|iPhone
		{08EB06D2-FB05-4304-8DEF-DAFAEF0729AA}.Debug|ARM.ActiveCfg = Debug|iPhone
		{08EB06D2-FB05-4304-8DEF-DAFAEF0729AA}.Debug|ARM.Build.0 = Debug|iPhone
		{08EB06D2-FB05-4304-8DEF-DAFAEF0729AA}.Debug|ARM.Deploy.0 = Debug|iPhone
		{08EB06D2-FB05-4304-8DEF-DAFAEF0729AA}.Debug|iPhone.ActiveCfg = Debug|iPhone
		{08EB06D2-FB05-4304-8DEF-DAFAEF0729AA}.Debug|iPhone.Build.0 = Debug|iPhone
		{08EB06D2-FB05-4304-8DEF-DAFAEF0729AA}.Debug|iPhone.Deploy.0 = Debug|iPhone
		{08EB06D2-FB05-4304-8DEF-DAFAEF0729AA}.Debug|iPhoneSimulator.ActiveCfg = Debug|iPhoneSimulator
		{08EB06D2-FB05-4304-8DEF-DAFAEF0729AA}.Debug|iPhoneSimulator.Build.0 = Debug|iPhoneSimulator
		{08EB06D2-FB05-4304-8DEF-DAFAEF0729AA}.Debug|iPhoneSimulator.Deploy.0 = Debug|iPhoneSimulator
		{08EB06D2-FB05-4304-8DEF-DAFAEF0729AA}.Debug|x64.ActiveCfg = Debug|iPhone
		{08EB06D2-FB05-4304-8DEF-DAFAEF0729AA}.Debug|x64.Build.0 = Debug|iPhone
		{08EB06D2-FB05-4304-8DEF-DAFAEF0729AA}.Debug|x64.Deploy.0 = Debug|iPhone
		{08EB06D2-FB05-4304-8DEF-DAFAEF0729AA}.Debug|x86.ActiveCfg = Debug|iPhone
		{08EB06D2-FB05-4304-8DEF-DAFAEF0729AA}.Debug|x86.Build.0 = Debug|iPhone
		{08EB06D2-FB05-4304-8DEF-DAFAEF0729AA}.Debug|x86.Deploy.0 = Debug|iPhone
		{08EB06D2-FB05-4304-8DEF-DAFAEF0729AA}.Release|Any CPU.ActiveCfg = Release|iPhone
		{08EB06D2-FB05-4304-8DEF-DAFAEF0729AA}.Release|Any CPU.Build.0 = Release|iPhone
		{08EB06D2-FB05-4304-8DEF-DAFAEF0729AA}.Release|Any CPU.Deploy.0 = Release|iPhone
		{08EB06D2-FB05-4304-8DEF-DAFAEF0729AA}.Release|ARM.ActiveCfg = Release|iPhone
		{08EB06D2-FB05-4304-8DEF-DAFAEF0729AA}.Release|ARM.Build.0 = Release|iPhone
		{08EB06D2-FB05-4304-8DEF-DAFAEF0729AA}.Release|ARM.Deploy.0 = Release|iPhone
		{08EB06D2-FB05-4304-8DEF-DAFAEF0729AA}.Release|iPhone.ActiveCfg = Release|iPhone
		{08EB06D2-FB05-4304-8DEF-DAFAEF0729AA}.Release|iPhone.Build.0 = Release|iPhone
		{08EB06D2-FB05-4304-8DEF-DAFAEF0729AA}.Release|iPhone.Deploy.0 = Release|iPhone
		{08EB06D2-FB05-4304-8DEF-DAFAEF0729AA}.Release|iPhoneSimulator.ActiveCfg = Release|iPhoneSimulator
		{08EB06D2-FB05-4304-8DEF-DAFAEF0729AA}.Release|iPhoneSimulator.Build.0 = Release|iPhoneSimulator
		{08EB06D2-FB05-4304-8DEF-DAFAEF0729AA}.Release|iPhoneSimulator.Deploy.0 = Release|iPhoneSimulator
		{08EB06D2-FB05-4304-8DEF-DAFAEF0729AA}.Release|x64.ActiveCfg = Release|iPhone
		{08EB06D2-FB05-4304-8DEF-DAFAEF0729AA}.Release|x64.Build.0 = Release|iPhone
		{08EB06D2-FB05-4304-8DEF-DAFAEF0729AA}.Release|x64.Deploy.0 = Release|iPhone
		{08EB06D2-FB05-4304-8DEF-DAFAEF0729AA}.Release|x86.ActiveCfg = Release|iPhone
		{08EB06D2-FB05-4304-8DEF-DAFAEF0729AA}.Release|x86.Build.0 = Release|iPhone
		{08EB06D2-FB05-4304-8DEF-DAFAEF0729AA}.Release|x86.Deploy.0 = Release|iPhone
		{34BFC73D-E8F7-48B7-A688-8A014F01AE39}.Debug|Any CPU.ActiveCfg = Debug|Any CPU
		{34BFC73D-E8F7-48B7-A688-8A014F01AE39}.Debug|Any CPU.Build.0 = Debug|Any CPU
		{34BFC73D-E8F7-48B7-A688-8A014F01AE39}.Debug|Any CPU.Deploy.0 = Debug|Any CPU
		{34BFC73D-E8F7-48B7-A688-8A014F01AE39}.Debug|ARM.ActiveCfg = Debug|Any CPU
		{34BFC73D-E8F7-48B7-A688-8A014F01AE39}.Debug|ARM.Build.0 = Debug|Any CPU
		{34BFC73D-E8F7-48B7-A688-8A014F01AE39}.Debug|ARM.Deploy.0 = Debug|Any CPU
		{34BFC73D-E8F7-48B7-A688-8A014F01AE39}.Debug|iPhone.ActiveCfg = Debug|Any CPU
		{34BFC73D-E8F7-48B7-A688-8A014F01AE39}.Debug|iPhone.Build.0 = Debug|Any CPU
		{34BFC73D-E8F7-48B7-A688-8A014F01AE39}.Debug|iPhone.Deploy.0 = Debug|Any CPU
		{34BFC73D-E8F7-48B7-A688-8A014F01AE39}.Debug|iPhoneSimulator.ActiveCfg = Debug|Any CPU
		{34BFC73D-E8F7-48B7-A688-8A014F01AE39}.Debug|iPhoneSimulator.Build.0 = Debug|Any CPU
		{34BFC73D-E8F7-48B7-A688-8A014F01AE39}.Debug|iPhoneSimulator.Deploy.0 = Debug|Any CPU
		{34BFC73D-E8F7-48B7-A688-8A014F01AE39}.Debug|x64.ActiveCfg = Debug|Any CPU
		{34BFC73D-E8F7-48B7-A688-8A014F01AE39}.Debug|x64.Build.0 = Debug|Any CPU
		{34BFC73D-E8F7-48B7-A688-8A014F01AE39}.Debug|x64.Deploy.0 = Debug|Any CPU
		{34BFC73D-E8F7-48B7-A688-8A014F01AE39}.Debug|x86.ActiveCfg = Debug|Any CPU
		{34BFC73D-E8F7-48B7-A688-8A014F01AE39}.Debug|x86.Build.0 = Debug|Any CPU
		{34BFC73D-E8F7-48B7-A688-8A014F01AE39}.Debug|x86.Deploy.0 = Debug|Any CPU
		{34BFC73D-E8F7-48B7-A688-8A014F01AE39}.Release|Any CPU.ActiveCfg = Release|Any CPU
		{34BFC73D-E8F7-48B7-A688-8A014F01AE39}.Release|Any CPU.Build.0 = Release|Any CPU
		{34BFC73D-E8F7-48B7-A688-8A014F01AE39}.Release|Any CPU.Deploy.0 = Release|Any CPU
		{34BFC73D-E8F7-48B7-A688-8A014F01AE39}.Release|ARM.ActiveCfg = Release|Any CPU
		{34BFC73D-E8F7-48B7-A688-8A014F01AE39}.Release|ARM.Build.0 = Release|Any CPU
		{34BFC73D-E8F7-48B7-A688-8A014F01AE39}.Release|ARM.Deploy.0 = Release|Any CPU
		{34BFC73D-E8F7-48B7-A688-8A014F01AE39}.Release|iPhone.ActiveCfg = Release|Any CPU
		{34BFC73D-E8F7-48B7-A688-8A014F01AE39}.Release|iPhone.Build.0 = Release|Any CPU
		{34BFC73D-E8F7-48B7-A688-8A014F01AE39}.Release|iPhone.Deploy.0 = Release|Any CPU
		{34BFC73D-E8F7-48B7-A688-8A014F01AE39}.Release|iPhoneSimulator.ActiveCfg = Release|Any CPU
		{34BFC73D-E8F7-48B7-A688-8A014F01AE39}.Release|iPhoneSimulator.Build.0 = Release|Any CPU
		{34BFC73D-E8F7-48B7-A688-8A014F01AE39}.Release|iPhoneSimulator.Deploy.0 = Release|Any CPU
		{34BFC73D-E8F7-48B7-A688-8A014F01AE39}.Release|x64.ActiveCfg = Release|Any CPU
		{34BFC73D-E8F7-48B7-A688-8A014F01AE39}.Release|x64.Build.0 = Release|Any CPU
		{34BFC73D-E8F7-48B7-A688-8A014F01AE39}.Release|x64.Deploy.0 = Release|Any CPU
		{34BFC73D-E8F7-48B7-A688-8A014F01AE39}.Release|x86.ActiveCfg = Release|Any CPU
		{34BFC73D-E8F7-48B7-A688-8A014F01AE39}.Release|x86.Build.0 = Release|Any CPU
		{34BFC73D-E8F7-48B7-A688-8A014F01AE39}.Release|x86.Deploy.0 = Release|Any CPU
		{9DBD395A-A817-4A98-982E-BF4EB15108D7}.Debug|Any CPU.ActiveCfg = Debug|Any CPU
		{9DBD395A-A817-4A98-982E-BF4EB15108D7}.Debug|Any CPU.Build.0 = Debug|Any CPU
		{9DBD395A-A817-4A98-982E-BF4EB15108D7}.Debug|ARM.ActiveCfg = Debug|Any CPU
		{9DBD395A-A817-4A98-982E-BF4EB15108D7}.Debug|ARM.Build.0 = Debug|Any CPU
		{9DBD395A-A817-4A98-982E-BF4EB15108D7}.Debug|iPhone.ActiveCfg = Debug|Any CPU
		{9DBD395A-A817-4A98-982E-BF4EB15108D7}.Debug|iPhone.Build.0 = Debug|Any CPU
		{9DBD395A-A817-4A98-982E-BF4EB15108D7}.Debug|iPhoneSimulator.ActiveCfg = Debug|Any CPU
		{9DBD395A-A817-4A98-982E-BF4EB15108D7}.Debug|iPhoneSimulator.Build.0 = Debug|Any CPU
		{9DBD395A-A817-4A98-982E-BF4EB15108D7}.Debug|x64.ActiveCfg = Debug|Any CPU
		{9DBD395A-A817-4A98-982E-BF4EB15108D7}.Debug|x64.Build.0 = Debug|Any CPU
		{9DBD395A-A817-4A98-982E-BF4EB15108D7}.Debug|x86.ActiveCfg = Debug|Any CPU
		{9DBD395A-A817-4A98-982E-BF4EB15108D7}.Debug|x86.Build.0 = Debug|Any CPU
		{9DBD395A-A817-4A98-982E-BF4EB15108D7}.Release|Any CPU.ActiveCfg = Release|Any CPU
		{9DBD395A-A817-4A98-982E-BF4EB15108D7}.Release|Any CPU.Build.0 = Release|Any CPU
		{9DBD395A-A817-4A98-982E-BF4EB15108D7}.Release|ARM.ActiveCfg = Release|Any CPU
		{9DBD395A-A817-4A98-982E-BF4EB15108D7}.Release|ARM.Build.0 = Release|Any CPU
		{9DBD395A-A817-4A98-982E-BF4EB15108D7}.Release|iPhone.ActiveCfg = Release|Any CPU
		{9DBD395A-A817-4A98-982E-BF4EB15108D7}.Release|iPhone.Build.0 = Release|Any CPU
		{9DBD395A-A817-4A98-982E-BF4EB15108D7}.Release|iPhoneSimulator.ActiveCfg = Release|Any CPU
		{9DBD395A-A817-4A98-982E-BF4EB15108D7}.Release|iPhoneSimulator.Build.0 = Release|Any CPU
		{9DBD395A-A817-4A98-982E-BF4EB15108D7}.Release|x64.ActiveCfg = Release|Any CPU
		{9DBD395A-A817-4A98-982E-BF4EB15108D7}.Release|x64.Build.0 = Release|Any CPU
		{9DBD395A-A817-4A98-982E-BF4EB15108D7}.Release|x86.ActiveCfg = Release|Any CPU
		{9DBD395A-A817-4A98-982E-BF4EB15108D7}.Release|x86.Build.0 = Release|Any CPU
		{52016A39-1457-46ED-B803-4C5F9F27906D}.Debug|Any CPU.ActiveCfg = Debug|Any CPU
		{52016A39-1457-46ED-B803-4C5F9F27906D}.Debug|Any CPU.Build.0 = Debug|Any CPU
		{52016A39-1457-46ED-B803-4C5F9F27906D}.Debug|ARM.ActiveCfg = Debug|Any CPU
		{52016A39-1457-46ED-B803-4C5F9F27906D}.Debug|ARM.Build.0 = Debug|Any CPU
		{52016A39-1457-46ED-B803-4C5F9F27906D}.Debug|iPhone.ActiveCfg = Debug|Any CPU
		{52016A39-1457-46ED-B803-4C5F9F27906D}.Debug|iPhone.Build.0 = Debug|Any CPU
		{52016A39-1457-46ED-B803-4C5F9F27906D}.Debug|iPhoneSimulator.ActiveCfg = Debug|Any CPU
		{52016A39-1457-46ED-B803-4C5F9F27906D}.Debug|iPhoneSimulator.Build.0 = Debug|Any CPU
		{52016A39-1457-46ED-B803-4C5F9F27906D}.Debug|x64.ActiveCfg = Debug|Any CPU
		{52016A39-1457-46ED-B803-4C5F9F27906D}.Debug|x64.Build.0 = Debug|Any CPU
		{52016A39-1457-46ED-B803-4C5F9F27906D}.Debug|x86.ActiveCfg = Debug|Any CPU
		{52016A39-1457-46ED-B803-4C5F9F27906D}.Debug|x86.Build.0 = Debug|Any CPU
		{52016A39-1457-46ED-B803-4C5F9F27906D}.Release|Any CPU.ActiveCfg = Release|Any CPU
		{52016A39-1457-46ED-B803-4C5F9F27906D}.Release|Any CPU.Build.0 = Release|Any CPU
		{52016A39-1457-46ED-B803-4C5F9F27906D}.Release|ARM.ActiveCfg = Release|Any CPU
		{52016A39-1457-46ED-B803-4C5F9F27906D}.Release|ARM.Build.0 = Release|Any CPU
		{52016A39-1457-46ED-B803-4C5F9F27906D}.Release|iPhone.ActiveCfg = Release|Any CPU
		{52016A39-1457-46ED-B803-4C5F9F27906D}.Release|iPhone.Build.0 = Release|Any CPU
		{52016A39-1457-46ED-B803-4C5F9F27906D}.Release|iPhoneSimulator.ActiveCfg = Release|Any CPU
		{52016A39-1457-46ED-B803-4C5F9F27906D}.Release|iPhoneSimulator.Build.0 = Release|Any CPU
		{52016A39-1457-46ED-B803-4C5F9F27906D}.Release|x64.ActiveCfg = Release|Any CPU
		{52016A39-1457-46ED-B803-4C5F9F27906D}.Release|x64.Build.0 = Release|Any CPU
		{52016A39-1457-46ED-B803-4C5F9F27906D}.Release|x86.ActiveCfg = Release|Any CPU
		{52016A39-1457-46ED-B803-4C5F9F27906D}.Release|x86.Build.0 = Release|Any CPU
		{368673FA-DE5E-4EDB-A649-53C3FF521D04}.Debug|Any CPU.ActiveCfg = Debug|Any CPU
		{368673FA-DE5E-4EDB-A649-53C3FF521D04}.Debug|Any CPU.Build.0 = Debug|Any CPU
		{368673FA-DE5E-4EDB-A649-53C3FF521D04}.Debug|ARM.ActiveCfg = Debug|Any CPU
		{368673FA-DE5E-4EDB-A649-53C3FF521D04}.Debug|ARM.Build.0 = Debug|Any CPU
		{368673FA-DE5E-4EDB-A649-53C3FF521D04}.Debug|iPhone.ActiveCfg = Debug|Any CPU
		{368673FA-DE5E-4EDB-A649-53C3FF521D04}.Debug|iPhone.Build.0 = Debug|Any CPU
		{368673FA-DE5E-4EDB-A649-53C3FF521D04}.Debug|iPhoneSimulator.ActiveCfg = Debug|Any CPU
		{368673FA-DE5E-4EDB-A649-53C3FF521D04}.Debug|iPhoneSimulator.Build.0 = Debug|Any CPU
		{368673FA-DE5E-4EDB-A649-53C3FF521D04}.Debug|x64.ActiveCfg = Debug|Any CPU
		{368673FA-DE5E-4EDB-A649-53C3FF521D04}.Debug|x64.Build.0 = Debug|Any CPU
		{368673FA-DE5E-4EDB-A649-53C3FF521D04}.Debug|x86.ActiveCfg = Debug|Any CPU
		{368673FA-DE5E-4EDB-A649-53C3FF521D04}.Debug|x86.Build.0 = Debug|Any CPU
		{368673FA-DE5E-4EDB-A649-53C3FF521D04}.Release|Any CPU.ActiveCfg = Release|Any CPU
		{368673FA-DE5E-4EDB-A649-53C3FF521D04}.Release|Any CPU.Build.0 = Release|Any CPU
		{368673FA-DE5E-4EDB-A649-53C3FF521D04}.Release|ARM.ActiveCfg = Release|Any CPU
		{368673FA-DE5E-4EDB-A649-53C3FF521D04}.Release|ARM.Build.0 = Release|Any CPU
		{368673FA-DE5E-4EDB-A649-53C3FF521D04}.Release|iPhone.ActiveCfg = Release|Any CPU
		{368673FA-DE5E-4EDB-A649-53C3FF521D04}.Release|iPhone.Build.0 = Release|Any CPU
		{368673FA-DE5E-4EDB-A649-53C3FF521D04}.Release|iPhoneSimulator.ActiveCfg = Release|Any CPU
		{368673FA-DE5E-4EDB-A649-53C3FF521D04}.Release|iPhoneSimulator.Build.0 = Release|Any CPU
		{368673FA-DE5E-4EDB-A649-53C3FF521D04}.Release|x64.ActiveCfg = Release|Any CPU
		{368673FA-DE5E-4EDB-A649-53C3FF521D04}.Release|x64.Build.0 = Release|Any CPU
		{368673FA-DE5E-4EDB-A649-53C3FF521D04}.Release|x86.ActiveCfg = Release|Any CPU
		{368673FA-DE5E-4EDB-A649-53C3FF521D04}.Release|x86.Build.0 = Release|Any CPU
		{E259B9F0-EB56-4FA4-BF91-189FD624A532}.Debug|Any CPU.ActiveCfg = Debug|Any CPU
		{E259B9F0-EB56-4FA4-BF91-189FD624A532}.Debug|Any CPU.Build.0 = Debug|Any CPU
		{E259B9F0-EB56-4FA4-BF91-189FD624A532}.Debug|ARM.ActiveCfg = Debug|Any CPU
		{E259B9F0-EB56-4FA4-BF91-189FD624A532}.Debug|ARM.Build.0 = Debug|Any CPU
		{E259B9F0-EB56-4FA4-BF91-189FD624A532}.Debug|iPhone.ActiveCfg = Debug|Any CPU
		{E259B9F0-EB56-4FA4-BF91-189FD624A532}.Debug|iPhone.Build.0 = Debug|Any CPU
		{E259B9F0-EB56-4FA4-BF91-189FD624A532}.Debug|iPhoneSimulator.ActiveCfg = Debug|Any CPU
		{E259B9F0-EB56-4FA4-BF91-189FD624A532}.Debug|iPhoneSimulator.Build.0 = Debug|Any CPU
		{E259B9F0-EB56-4FA4-BF91-189FD624A532}.Debug|x64.ActiveCfg = Debug|Any CPU
		{E259B9F0-EB56-4FA4-BF91-189FD624A532}.Debug|x64.Build.0 = Debug|Any CPU
		{E259B9F0-EB56-4FA4-BF91-189FD624A532}.Debug|x86.ActiveCfg = Debug|Any CPU
		{E259B9F0-EB56-4FA4-BF91-189FD624A532}.Debug|x86.Build.0 = Debug|Any CPU
		{E259B9F0-EB56-4FA4-BF91-189FD624A532}.Release|Any CPU.ActiveCfg = Release|Any CPU
		{E259B9F0-EB56-4FA4-BF91-189FD624A532}.Release|Any CPU.Build.0 = Release|Any CPU
		{E259B9F0-EB56-4FA4-BF91-189FD624A532}.Release|ARM.ActiveCfg = Release|Any CPU
		{E259B9F0-EB56-4FA4-BF91-189FD624A532}.Release|ARM.Build.0 = Release|Any CPU
		{E259B9F0-EB56-4FA4-BF91-189FD624A532}.Release|iPhone.ActiveCfg = Release|Any CPU
		{E259B9F0-EB56-4FA4-BF91-189FD624A532}.Release|iPhone.Build.0 = Release|Any CPU
		{E259B9F0-EB56-4FA4-BF91-189FD624A532}.Release|iPhoneSimulator.ActiveCfg = Release|Any CPU
		{E259B9F0-EB56-4FA4-BF91-189FD624A532}.Release|iPhoneSimulator.Build.0 = Release|Any CPU
		{E259B9F0-EB56-4FA4-BF91-189FD624A532}.Release|x64.ActiveCfg = Release|Any CPU
		{E259B9F0-EB56-4FA4-BF91-189FD624A532}.Release|x64.Build.0 = Release|Any CPU
		{E259B9F0-EB56-4FA4-BF91-189FD624A532}.Release|x86.ActiveCfg = Release|Any CPU
		{E259B9F0-EB56-4FA4-BF91-189FD624A532}.Release|x86.Build.0 = Release|Any CPU
		{49E3D7A1-8710-4139-8EB1-2C74205B2257}.Debug|Any CPU.ActiveCfg = Debug|Any CPU
		{49E3D7A1-8710-4139-8EB1-2C74205B2257}.Debug|Any CPU.Build.0 = Debug|Any CPU
		{49E3D7A1-8710-4139-8EB1-2C74205B2257}.Debug|ARM.ActiveCfg = Debug|Any CPU
		{49E3D7A1-8710-4139-8EB1-2C74205B2257}.Debug|ARM.Build.0 = Debug|Any CPU
		{49E3D7A1-8710-4139-8EB1-2C74205B2257}.Debug|iPhone.ActiveCfg = Debug|Any CPU
		{49E3D7A1-8710-4139-8EB1-2C74205B2257}.Debug|iPhone.Build.0 = Debug|Any CPU
		{49E3D7A1-8710-4139-8EB1-2C74205B2257}.Debug|iPhoneSimulator.ActiveCfg = Debug|Any CPU
		{49E3D7A1-8710-4139-8EB1-2C74205B2257}.Debug|iPhoneSimulator.Build.0 = Debug|Any CPU
		{49E3D7A1-8710-4139-8EB1-2C74205B2257}.Debug|x64.ActiveCfg = Debug|Any CPU
		{49E3D7A1-8710-4139-8EB1-2C74205B2257}.Debug|x64.Build.0 = Debug|Any CPU
		{49E3D7A1-8710-4139-8EB1-2C74205B2257}.Debug|x86.ActiveCfg = Debug|Any CPU
		{49E3D7A1-8710-4139-8EB1-2C74205B2257}.Debug|x86.Build.0 = Debug|Any CPU
		{49E3D7A1-8710-4139-8EB1-2C74205B2257}.Release|Any CPU.ActiveCfg = Release|Any CPU
		{49E3D7A1-8710-4139-8EB1-2C74205B2257}.Release|Any CPU.Build.0 = Release|Any CPU
		{49E3D7A1-8710-4139-8EB1-2C74205B2257}.Release|ARM.ActiveCfg = Release|Any CPU
		{49E3D7A1-8710-4139-8EB1-2C74205B2257}.Release|ARM.Build.0 = Release|Any CPU
		{49E3D7A1-8710-4139-8EB1-2C74205B2257}.Release|iPhone.ActiveCfg = Release|Any CPU
		{49E3D7A1-8710-4139-8EB1-2C74205B2257}.Release|iPhone.Build.0 = Release|Any CPU
		{49E3D7A1-8710-4139-8EB1-2C74205B2257}.Release|iPhoneSimulator.ActiveCfg = Release|Any CPU
		{49E3D7A1-8710-4139-8EB1-2C74205B2257}.Release|iPhoneSimulator.Build.0 = Release|Any CPU
		{49E3D7A1-8710-4139-8EB1-2C74205B2257}.Release|x64.ActiveCfg = Release|Any CPU
		{49E3D7A1-8710-4139-8EB1-2C74205B2257}.Release|x64.Build.0 = Release|Any CPU
		{49E3D7A1-8710-4139-8EB1-2C74205B2257}.Release|x86.ActiveCfg = Release|Any CPU
		{49E3D7A1-8710-4139-8EB1-2C74205B2257}.Release|x86.Build.0 = Release|Any CPU
		{D906D493-F16C-442A-80F4-88377DA71D79}.Debug|Any CPU.ActiveCfg = Debug|Any CPU
		{D906D493-F16C-442A-80F4-88377DA71D79}.Debug|Any CPU.Build.0 = Debug|Any CPU
		{D906D493-F16C-442A-80F4-88377DA71D79}.Debug|ARM.ActiveCfg = Debug|Any CPU
		{D906D493-F16C-442A-80F4-88377DA71D79}.Debug|ARM.Build.0 = Debug|Any CPU
		{D906D493-F16C-442A-80F4-88377DA71D79}.Debug|iPhone.ActiveCfg = Debug|Any CPU
		{D906D493-F16C-442A-80F4-88377DA71D79}.Debug|iPhone.Build.0 = Debug|Any CPU
		{D906D493-F16C-442A-80F4-88377DA71D79}.Debug|iPhoneSimulator.ActiveCfg = Debug|Any CPU
		{D906D493-F16C-442A-80F4-88377DA71D79}.Debug|iPhoneSimulator.Build.0 = Debug|Any CPU
		{D906D493-F16C-442A-80F4-88377DA71D79}.Debug|x64.ActiveCfg = Debug|Any CPU
		{D906D493-F16C-442A-80F4-88377DA71D79}.Debug|x64.Build.0 = Debug|Any CPU
		{D906D493-F16C-442A-80F4-88377DA71D79}.Debug|x86.ActiveCfg = Debug|Any CPU
		{D906D493-F16C-442A-80F4-88377DA71D79}.Debug|x86.Build.0 = Debug|Any CPU
		{D906D493-F16C-442A-80F4-88377DA71D79}.Release|Any CPU.ActiveCfg = Release|Any CPU
		{D906D493-F16C-442A-80F4-88377DA71D79}.Release|Any CPU.Build.0 = Release|Any CPU
		{D906D493-F16C-442A-80F4-88377DA71D79}.Release|ARM.ActiveCfg = Release|Any CPU
		{D906D493-F16C-442A-80F4-88377DA71D79}.Release|ARM.Build.0 = Release|Any CPU
		{D906D493-F16C-442A-80F4-88377DA71D79}.Release|iPhone.ActiveCfg = Release|Any CPU
		{D906D493-F16C-442A-80F4-88377DA71D79}.Release|iPhone.Build.0 = Release|Any CPU
		{D906D493-F16C-442A-80F4-88377DA71D79}.Release|iPhoneSimulator.ActiveCfg = Release|Any CPU
		{D906D493-F16C-442A-80F4-88377DA71D79}.Release|iPhoneSimulator.Build.0 = Release|Any CPU
		{D906D493-F16C-442A-80F4-88377DA71D79}.Release|x64.ActiveCfg = Release|Any CPU
		{D906D493-F16C-442A-80F4-88377DA71D79}.Release|x64.Build.0 = Release|Any CPU
		{D906D493-F16C-442A-80F4-88377DA71D79}.Release|x86.ActiveCfg = Release|Any CPU
		{D906D493-F16C-442A-80F4-88377DA71D79}.Release|x86.Build.0 = Release|Any CPU
	EndGlobalSection
	GlobalSection(SolutionProperties) = preSolution
		HideSolutionNode = FALSE
	EndGlobalSection
	GlobalSection(ExtensibilityGlobals) = postSolution
		SolutionGuid = {D25FED92-F5BE-499A-8B61-18022DC5CAC2}
	EndGlobalSection
EndGlobal
